
Microsoft Visual Studio Solution File, Format Version 12.00
# Visual Studio Version 16
VisualStudioVersion = 16.0.30225.117
MinimumVisualStudioVersion = 10.0.40219.1
Project("{FAE04EC0-301F-11D3-BF4B-00C04F79EFBC}") = "SuperHeroes2", "SuperHeroes2.csproj", "{5C15E64F-7CB0-4115-9D15-C384DF5FCBEB}"
EndProject
Global
	GlobalSection(SolutionConfigurationPlatforms) = preSolution
		Debug|Any CPU = Debug|Any CPU
		Release|Any CPU = Release|Any CPU
	EndGlobalSection
	GlobalSection(ProjectConfigurationPlatforms) = postSolution
		{5C15E64F-7CB0-4115-9D15-C384DF5FCBEB}.Debug|Any CPU.ActiveCfg = Debug|Any CPU
		{5C15E64F-7CB0-4115-9D15-C384DF5FCBEB}.Debug|Any CPU.Build.0 = Debug|Any CPU
		{5C15E64F-7CB0-4115-9D15-C384DF5FCBEB}.Release|Any CPU.ActiveCfg = Release|Any CPU
		{5C15E64F-7CB0-4115-9D15-C384DF5FCBEB}.Release|Any CPU.Build.0 = Release|Any CPU
	EndGlobalSection
	GlobalSection(SolutionProperties) = preSolution
		HideSolutionNode = FALSE
	EndGlobalSection
	GlobalSection(ExtensibilityGlobals) = postSolution
		SolutionGuid = {78865F36-1B2B-460B-A087-A671DA685C2C}
	EndGlobalSection
EndGlobal
